name: ml-weather-tutorial-tf
channels:
  - conda-main
  - conda-mo-internal
  - conda-forge
  - conda-r
dependencies:
  - _libgcc_mutex=0.1=conda_forge
  - _openmp_mutex=4.5=2_gnu
  - abseil-cpp=20210324.2=h9c3ff4c_0
  - absl-py=1.1.0=pyhd8ed1ab_0
  - aiohttp=3.8.1=py38h0a891b7_1
  - aiosignal=1.2.0=pyhd8ed1ab_0
  - antlr-python-runtime=4.7.2=py38h578d9bd_1003
  - anyio=3.6.1=py38h578d9bd_0
  - argon2-cffi=21.3.0=pyhd8ed1ab_0
  - argon2-cffi-bindings=21.2.0=py38h0a891b7_2
  - asttokens=2.0.5=pyhd8ed1ab_0
  - astunparse=1.6.3=pyhd8ed1ab_0
  - async-timeout=4.0.2=pyhd8ed1ab_0
  - attrs=21.4.0=pyhd8ed1ab_0
  - babel=2.10.3=pyhd8ed1ab_0
  - backcall=0.2.0=pyh9f0ad1d_0
  - backports=1.0=py_2
  - backports.functools_lru_cache=1.6.4=pyhd8ed1ab_0
  - beautifulsoup4=4.11.1=pyha770c72_0
  - bleach=5.0.1=pyhd8ed1ab_0
  - blinker=1.4=py_1
  - brotli=1.0.9=h166bdaf_7
  - brotli-bin=1.0.9=h166bdaf_7
  - brotlipy=0.7.0=py38h0a891b7_1004
  - bzip2=1.0.8=h7f98852_4
  - c-ares=1.18.1=h7f98852_0
  - ca-certificates=2022.6.15=ha878542_0
  - cached-property=1.5.2=hd8ed1ab_1
  - cached_property=1.5.2=pyha770c72_1
  - cachetools=5.0.0=pyhd8ed1ab_0
  - cartopy=0.20.3=py38hb3c56ba_0
  - certifi=2022.6.15=py38h578d9bd_0
  - cf-units=3.1.0=py38h71d37f0_0
  - cffi=1.15.0=py38h3931269_0
  - cftime=1.6.0=py38h71d37f0_2
  - charset-normalizer=2.1.0=pyhd8ed1ab_0
  - click=8.1.3=py38h578d9bd_0
  - cloudpickle=2.1.0=pyhd8ed1ab_0
  - cryptography=37.0.2=py38h2b5fc30_0
  - curl=7.83.1=h7bff187_0
  - cycler=0.11.0=pyhd8ed1ab_0
  - dask-core=2022.6.1=pyhd8ed1ab_0
  - debugpy=1.6.0=py38hfa26641_0
  - decorator=5.1.1=pyhd8ed1ab_0
  - defusedxml=0.7.1=pyhd8ed1ab_0
  - entrypoints=0.4=pyhd8ed1ab_0
  - executing=0.8.3=pyhd8ed1ab_0
  - expat=2.4.8=h27087fc_0
  - flit-core=3.7.1=pyhd8ed1ab_0
  - fonttools=4.33.3=py38h0a891b7_0
  - freetype=2.10.4=h0708190_1
  - frozenlist=1.3.0=py38h0a891b7_1
  - fsspec=2022.5.0=pyhd8ed1ab_0
  - gast=0.5.3=pyhd8ed1ab_0
  - geos=3.10.3=h27087fc_0
  - giflib=5.2.1=h36c2ea0_2
  - google-auth=2.9.0=pyh6c4a22f_0
  - google-auth-oauthlib=0.4.6=pyhd8ed1ab_0
  - google-pasta=0.2.0=pyh8c360ce_0
  - grpc-cpp=1.45.2=h3b8df00_4
  - grpcio=1.45.0=py38ha0cdfde_0
  - h5py=3.7.0=nompi_py38h8afedcf_100
  - hdf4=4.2.15=h10796ff_3
  - hdf5=1.12.1=nompi_h2386368_104
  - icu=70.1=h27087fc_0
  - idna=3.3=pyhd8ed1ab_0
  - importlib-metadata=4.11.4=py38h578d9bd_0
  - importlib_metadata=4.11.4=hd8ed1ab_0
  - importlib_resources=5.8.0=pyhd8ed1ab_0
  - ipykernel=6.14.0=py38h7f3c49e_0
  - ipython=8.4.0=py38h578d9bd_0
  - ipython_genutils=0.2.0=py_1
  - iris=3.1.0=pyhd8ed1ab_3
  - jedi=0.18.1=py38h578d9bd_1
  - jinja2=3.1.2=pyhd8ed1ab_1
  - joblib=1.1.0=pyhd8ed1ab_0
  - jpeg=9e=h166bdaf_2
  - json5=0.9.5=pyh9f0ad1d_0
  - jsonschema=4.6.1=pyhd8ed1ab_0
  - jupyter_client=7.3.4=pyhd8ed1ab_0
  - jupyter_core=4.10.0=py38h578d9bd_0
  - jupyter_server=1.18.0=pyhd8ed1ab_1
  - jupyterlab=3.4.3=pyhd8ed1ab_0
  - jupyterlab_pygments=0.2.2=pyhd8ed1ab_0
  - jupyterlab_server=2.14.0=pyhd8ed1ab_1
  - keras=2.8.0=pyhd8ed1ab_0
  - keras-preprocessing=1.1.2=pyhd8ed1ab_0
  - keyutils=1.6.1=h166bdaf_0
  - kiwisolver=1.4.3=py38h43d8883_0
  - krb5=1.19.3=h3790be6_0
  - lcms2=2.12=hddcbb42_0
  - ld_impl_linux-64=2.36.1=hea4e1c9_2
  - lerc=3.0=h9c3ff4c_0
  - libblas=3.9.0=15_linux64_openblas
  - libbrotlicommon=1.0.9=h166bdaf_7
  - libbrotlidec=1.0.9=h166bdaf_7
  - libbrotlienc=1.0.9=h166bdaf_7
  - libcblas=3.9.0=15_linux64_openblas
  - libcurl=7.83.1=h7bff187_0
  - libdeflate=1.12=h166bdaf_0
  - libedit=3.1.20191231=he28a2e2_2
  - libev=4.33=h516909a_1
  - libffi=3.4.2=h7f98852_5
  - libgcc-ng=12.1.0=h8d9b700_16
  - libgfortran-ng=12.1.0=h69a702a_16
  - libgfortran5=12.1.0=hdcd56e2_16
  - libgomp=12.1.0=h8d9b700_16
  - liblapack=3.9.0=15_linux64_openblas
  - libnetcdf=4.8.1=nompi_h329d8a1_102
  - libnghttp2=1.47.0=h727a467_0
  - libnsl=2.0.0=h7f98852_0
  - libopenblas=0.3.20=pthreads_h78a6416_0
  - libpng=1.6.37=h21135ba_2
  - libprotobuf=3.20.1=h6239696_0
  - libsodium=1.0.18=h36c2ea0_1
  - libssh2=1.10.0=ha56f1ee_2
  - libstdcxx-ng=12.1.0=ha89aaad_16
  - libtiff=4.4.0=hc85c160_1
  - libuuid=2.32.1=h7f98852_1000
  - libwebp=1.2.2=h3452ae3_0
  - libwebp-base=1.2.2=h7f98852_1
  - libxcb=1.13=h7f98852_1004
  - libzip=1.9.2=hc869a4a_0
  - libzlib=1.2.12=h166bdaf_1
  - locket=1.0.0=pyhd8ed1ab_0
  - lz4-c=1.9.3=h9c3ff4c_1
  - markdown=3.3.7=pyhd8ed1ab_0
  - markupsafe=2.1.1=py38h0a891b7_1
  - matplotlib-base=3.5.2=py38h826bfd8_0
  - matplotlib-inline=0.1.3=pyhd8ed1ab_0
  - mistune=0.8.4=py38h497a2fe_1005
  - multidict=6.0.2=py38h0a891b7_1
  - munkres=1.1.4=pyh9f0ad1d_0
  - nbclassic=0.3.7=pyhd8ed1ab_0
  - nbclient=0.6.6=pyhd8ed1ab_0
  - nbconvert=6.5.0=pyhd8ed1ab_0
  - nbconvert-core=6.5.0=pyhd8ed1ab_0
  - nbconvert-pandoc=6.5.0=pyhd8ed1ab_0
  - nbformat=5.4.0=pyhd8ed1ab_0
  - ncurses=6.3=h27087fc_1
  - nest-asyncio=1.5.5=pyhd8ed1ab_0
  - netcdf4=1.6.0=nompi_py38he1ab104_100
  - notebook=6.4.12=pyha770c72_0
  - notebook-shim=0.1.0=pyhd8ed1ab_0
  - numpy=1.23.0=py38h3a7f9d9_0
  - oauthlib=3.2.0=pyhd8ed1ab_0
  - openjpeg=2.4.0=hb52868f_1
  - openssl=1.1.1p=h166bdaf_0
  - opt_einsum=3.3.0=pyhd8ed1ab_1
  - packaging=21.3=pyhd8ed1ab_0
  - pandas=1.3.5=py38h43a58ef_0
  - pandoc=2.18=ha770c72_0
  - pandocfilters=1.5.0=pyhd8ed1ab_0
  - parso=0.8.3=pyhd8ed1ab_0
  - partd=1.2.0=pyhd8ed1ab_0
  - pexpect=4.8.0=pyh9f0ad1d_2
  - pickleshare=0.7.5=py_1003
  - pillow=9.1.1=py38h0ee0e06_1
  - pip=22.1.2=pyhd8ed1ab_0
  - proj=9.0.1=h93bde94_0
  - prometheus_client=0.14.1=pyhd8ed1ab_0
  - prompt-toolkit=3.0.30=pyha770c72_0
  - protobuf=3.20.1=py38hfa26641_0
  - psutil=5.9.1=py38h0a891b7_0
  - pthread-stubs=0.4=h36c2ea0_1001
  - ptyprocess=0.7.0=pyhd3deb0d_0
  - pure_eval=0.2.2=pyhd8ed1ab_0
  - pyasn1=0.4.8=py_0
  - pyasn1-modules=0.2.7=py_0
  - pycparser=2.21=pyhd8ed1ab_0
  - pygments=2.12.0=pyhd8ed1ab_0
  - pyjwt=2.4.0=pyhd8ed1ab_0
  - pyopenssl=22.0.0=pyhd8ed1ab_0
  - pyparsing=3.0.9=pyhd8ed1ab_0
  - pyproj=3.3.1=py38he1635e7_1
  - pyrsistent=0.18.1=py38h0a891b7_1
  - pyshp=2.3.0=pyhd8ed1ab_0
  - pysocks=1.7.1=py38h578d9bd_5
  - python=3.8.13=h582c2e5_0_cpython
  - python-dateutil=2.8.2=pyhd8ed1ab_0
  - python-fastjsonschema=2.15.3=pyhd8ed1ab_0
  - python-flatbuffers=2.0=pyhd8ed1ab_0
  - python-xxhash=3.0.0=py38h0a891b7_1
  - python_abi=3.8=2_cp38
  - pytz=2022.1=pyhd8ed1ab_0
  - pyu2f=0.1.5=pyhd8ed1ab_0
  - pyyaml=6.0=py38h0a891b7_4
  - pyzmq=23.2.0=py38hfc09fa9_0
  - re2=2022.06.01=h27087fc_0
  - readline=8.1.2=h0f457ee_0
  - requests=2.28.1=pyhd8ed1ab_0
  - requests-oauthlib=1.3.1=pyhd8ed1ab_0
  - rsa=4.8=pyhd8ed1ab_0
  - scikit-learn=0.24.2=py38hacb3eff_1
  - scipy=1.8.1=py38h1ee437e_0
  - send2trash=1.8.0=pyhd8ed1ab_0
  - setuptools=59.8.0=py38h578d9bd_1
  - shapely=1.8.2=py38h928055b_2
  - six=1.16.0=pyh6c4a22f_0
  - snappy=1.1.9=hbd366e4_1
  - sniffio=1.2.0=py38h578d9bd_3
  - soupsieve=2.3.1=pyhd8ed1ab_0
  - sqlite=3.39.0=h4ff8645_0
  - stack_data=0.3.0=pyhd8ed1ab_0
  - tensorboard=2.8.0=pyhd8ed1ab_1
  - tensorboard-data-server=0.6.0=py38h2b5fc30_2
  - tensorboard-plugin-wit=1.8.1=pyhd8ed1ab_0
  - tensorflow=2.8.1=cpu_py38h66f0ec1_0
  - tensorflow-base=2.8.1=cpu_py38hc7a75a0_0
  - tensorflow-estimator=2.8.1=cpu_py38h4e23bc6_0
  - termcolor=1.1.0=py_2
  - terminado=0.15.0=py38h578d9bd_0
  - threadpoolctl=3.1.0=pyh8a188c0_0
  - tinycss2=1.1.1=pyhd8ed1ab_0
  - tk=8.6.12=h27826a3_0
  - toolz=0.11.2=pyhd8ed1ab_0
  - tornado=6.1=py38h0a891b7_3
  - traitlets=5.3.0=pyhd8ed1ab_0
  - typing-extensions=4.2.0=hd8ed1ab_1
  - typing_extensions=4.2.0=pyha770c72_1
  - udunits2=2.2.28=hc3e0081_0
  - unicodedata2=14.0.0=py38h0a891b7_1
  - urllib3=1.26.9=pyhd8ed1ab_0
  - wcwidth=0.2.5=pyh9f0ad1d_2
  - webencodings=0.5.1=py_1
  - websocket-client=1.3.3=pyhd8ed1ab_0
  - werkzeug=2.1.2=pyhd8ed1ab_1
  - wheel=0.37.1=pyhd8ed1ab_0
  - wrapt=1.14.1=py38h0a891b7_0
  - xarray=0.19.0=pyhd8ed1ab_1
  - xorg-libxau=1.0.9=h7f98852_0
  - xorg-libxdmcp=1.1.3=h7f98852_0
  - xxhash=0.8.0=h7f98852_3
  - xz=5.2.5=h516909a_1
  - yaml=0.2.5=h7f98852_2
  - yarl=1.7.2=py38h0a891b7_2
  - zeromq=4.3.4=h9c3ff4c_1
  - zipp=3.8.0=pyhd8ed1ab_0
  - zlib=1.2.12=h166bdaf_1
  - zstd=1.5.2=h8a70e8d_2


